// !$*UTF8*$!
{
	archiveVersion = 1;
	classes = {
	};
	objectVersion = 55;
	objects = {

/* Begin PBXBuildFile section */
		BD0BC8242864CD580049B978 /* MoreFeelingsViewController.swift in Sources */ = {isa = PBXBuildFile; fileRef = BD0BC8232864CD580049B978 /* MoreFeelingsViewController.swift */; };
		BD5EF0B72864E2A30063497D /* MoreFeelsViewController.swift in Sources */ = {isa = PBXBuildFile; fileRef = BD5EF0B62864E2A30063497D /* MoreFeelsViewController.swift */; };
		BDB50F952864B3F200FC0555 /* AppDelegate.swift in Sources */ = {isa = PBXBuildFile; fileRef = BDB50F942864B3F200FC0555 /* AppDelegate.swift */; };
		BDB50F972864B3F200FC0555 /* SceneDelegate.swift in Sources */ = {isa = PBXBuildFile; fileRef = BDB50F962864B3F200FC0555 /* SceneDelegate.swift */; };
		BDB50F992864B3F200FC0555 /* ViewController.swift in Sources */ = {isa = PBXBuildFile; fileRef = BDB50F982864B3F200FC0555 /* ViewController.swift */; };
		BDB50F9C2864B3F200FC0555 /* Main.storyboard in Resources */ = {isa = PBXBuildFile; fileRef = BDB50F9A2864B3F200FC0555 /* Main.storyboard */; };
		BDB50F9E2864B3F300FC0555 /* Assets.xcassets in Resources */ = {isa = PBXBuildFile; fileRef = BDB50F9D2864B3F300FC0555 /* Assets.xcassets */; };
		BDB50FA12864B3F300FC0555 /* LaunchScreen.storyboard in Resources */ = {isa = PBXBuildFile; fileRef = BDB50F9F2864B3F300FC0555 /* LaunchScreen.storyboard */; };
/* End PBXBuildFile section */

/* Begin PBXFileReference section */
		BD0BC8232864CD580049B978 /* MoreFeelingsViewController.swift */ = {isa = PBXFileReference; lastKnownFileType = sourcecode.swift; path = MoreFeelingsViewController.swift; sourceTree = "<group>"; };
		BD5EF0B62864E2A30063497D /* MoreFeelsViewController.swift */ = {isa = PBXFileReference; lastKnownFileType = sourcecode.swift; path = MoreFeelsViewController.swift; sourceTree = "<group>"; };
		BDB50F912864B3F200FC0555 /* emotionsApp.app */ = {isa = PBXFileReference; explicitFileType = wrapper.application; includeInIndex = 0; path = emotionsApp.app; sourceTree = BUILT_PRODUCTS_DIR; };
		BDB50F942864B3F200FC0555 /* AppDelegate.swift */ = {isa = PBXFileReference; lastKnownFileType = sourcecode.swift; path = AppDelegate.swift; sourceTree = "<group>"; };
		BDB50F962864B3F200FC0555 /* SceneDelegate.swift */ = {isa = PBXFileReference; lastKnownFileType = sourcecode.swift; path = SceneDelegate.swift; sourceTree = "<group>"; };
		BDB50F982864B3F200FC0555 /* ViewController.swift */ = {isa = PBXFileReference; lastKnownFileType = sourcecode.swift; path = ViewController.swift; sourceTree = "<group>"; };
		BDB50F9B2864B3F200FC0555 /* Base */ = {isa = PBXFileReference; lastKnownFileType = file.storyboard; name = Base; path = Base.lproj/Main.storyboard; sourceTree = "<group>"; };
		BDB50F9D2864B3F300FC0555 /* Assets.xcassets */ = {isa = PBXFileReference; lastKnownFileType = folder.assetcatalog; path = Assets.xcassets; sourceTree = "<group>"; };
		BDB50FA02864B3F300FC0555 /* Base */ = {isa = PBXFileReference; lastKnownFileType = file.storyboard; name = Base; path = Base.lproj/LaunchScreen.storyboard; sourceTree = "<group>"; };
		BDB50FA22864B3F300FC0555 /* Info.plist */ = {isa = PBXFileReference; lastKnownFileType = text.plist.xml; path = Info.plist; sourceTree = "<group>"; };
/* End PBXFileReference section */

/* Begin PBXFrameworksBuildPhase section */
		BDB50F8E2864B3F200FC0555 /* Frameworks */ = {
			isa = PBXFrameworksBuildPhase;
			buildActionMask = 2147483647;
			files = (
			);
			runOnlyForDeploymentPostprocessing = 0;
		};
/* End PBXFrameworksBuildPhase section */

/* Begin PBXGroup section */
		BDB50F882864B3F200FC0555 = {
			isa = PBXGroup;
			children = (
				BD5EF0B62864E2A30063497D /* MoreFeelsViewController.swift */,
				BDB50F932864B3F200FC0555 /* emotionsApp */,
				BDB50F922864B3F200FC0555 /* Products */,
			);
			sourceTree = "<group>";
		};
		BDB50F922864B3F200FC0555 /* Products */ = {
			isa = PBXGroup;
			children = (
				BDB50F912864B3F200FC0555 /* emotionsApp.app */,
			);
			name = Products;
			sourceTree = "<group>";
		};
		BDB50F932864B3F200FC0555 /* emotionsApp */ = {
			isa = PBXGroup;
			children = (
				BDB50F942864B3F200FC0555 /* AppDelegate.swift */,
				BDB50F962864B3F200FC0555 /* SceneDelegate.swift */,
				BDB50F982864B3F200FC0555 /* ViewController.swift */,
				BDB50F9A2864B3F200FC0555 /* Main.storyboard */,
				BD0BC8232864CD580049B978 /* MoreFeelingsViewController.swift */,
				BDB50F9D2864B3F300FC0555 /* Assets.xcassets */,
				BDB50F9F2864B3F300FC0555 /* LaunchScreen.storyboard */,
				BDB50FA22864B3F300FC0555 /* Info.plist */,
			);
			path = emotionsApp;
			sourceTree = "<group>";
		};
/* End PBXGroup section */

/* Begin PBXNativeTarget section */
		BDB50F902864B3F200FC0555 /* emotionsApp */ = {
			isa = PBXNativeTarget;
			buildConfigurationList = BDB50FA52864B3F300FC0555 /* Build configuration list for PBXNativeTarget "emotionsApp" */;
			buildPhases = (
				BDB50F8D2864B3F200FC0555 /* Sources */,
				BDB50F8E2864B3F200FC0555 /* Frameworks */,
				BDB50F8F2864B3F200FC0555 /* Resources */,
			);
			buildRules = (
			);
			dependencies = (
			);
			name = emotionsApp;
			productName = emotionsApp;
			productReference = BDB50F912864B3F200FC0555 /* emotionsApp.app */;
			productType = "com.apple.product-type.application";
		};
/* End PBXNativeTarget section */

/* Begin PBXProject section */
		BDB50F892864B3F200FC0555 /* Project object */ = {
			isa = PBXProject;
			attributes = {
				BuildIndependentTargetsInParallel = 1;
				LastSwiftUpdateCheck = 1340;
				LastUpgradeCheck = 1340;
				TargetAttributes = {
					BDB50F902864B3F200FC0555 = {
						CreatedOnToolsVersion = 13.4.1;
					};
				};
			};
			buildConfigurationList = BDB50F8C2864B3F200FC0555 /* Build configuration list for PBXProject "emotionsApp" */;
			compatibilityVersion = "Xcode 13.0";
			developmentRegion = en;
			hasScannedForEncodings = 0;
			knownRegions = (
				en,
				Base,
			);
			mainGroup = BDB50F882864B3F200FC0555;
			productRefGroup = BDB50F922864B3F200FC0555 /* Products */;
			projectDirPath = "";
			projectRoot = "";
			targets = (
				BDB50F902864B3F200FC0555 /* emotionsApp */,
			);
		};
/* End PBXProject section */

/* Begin PBXResourcesBuildPhase section */
		BDB50F8F2864B3F200FC0555 /* Resources */ = {
			isa = PBXResourcesBuildPhase;
			buildActionMask = 2147483647;
			files = (
				BDB50FA12864B3F300FC0555 /* LaunchScreen.storyboard in Resources */,
				BDB50F9E2864B3F300FC0555 /* Assets.xcassets in Resources */,
				BDB50F9C2864B3F200FC0555 /* Main.storyboard in Resources */,
			);
			runOnlyForDeploymentPostprocessing = 0;
		};
/* End PBXResourcesBuildPhase section */

/* Begin PBXSourcesBuildPhase section */
		BDB50F8D2864B3F200FC0555 /* Sources */ = {
			isa = PBXSourcesBuildPhase;
			buildActionMask = 2147483647;
			files = (
				BD0BC8242864CD580049B978 /* MoreFeelingsViewController.swift in Sources */,
				BD5EF0B72864E2A30063497D /* MoreFeelsViewController.swift in Sources */,
				BDB50F992864B3F200FC0555 /* ViewController.swift in Sources */,
				BDB50F952864B3F200FC0555 /* AppDelegate.swift in Sources */,
				BDB50F972864B3F200FC0555 /* SceneDelegate.swift in Sources */,
			);
			runOnlyForDeploymentPostprocessing = 0;
		};
/* End PBXSourcesBuildPhase section */

/* Begin PBXVariantGroup section */
		BDB50F9A2864B3F200FC0555 /* Main.storyboard */ = {
			isa = PBXVariantGroup;
			children = (
				BDB50F9B2864B3F200FC0555 /* Base */,
			);
			name = Main.storyboard;
			sourceTree = "<group>";
		};
		BDB50F9F2864B3F300FC0555 /* LaunchScreen.storyboard */ = {
			isa = PBXVariantGroup;
			children = (
				BDB50FA02864B3F300FC0555 /* Base */,
			);
			name = LaunchScreen.storyboard;
			sourceTree = "<group>";
		};
/* End PBXVariantGroup section */

/* Begin XCBuildConfiguration section */
		BDB50FA32864B3F300FC0555 /* Debug */ = {
			isa = XCBuildConfiguration;
			buildSettings = {
				ALWAYS_SEARCH_USER_PATHS = NO;
				CLANG_ANALYZER_NONNULL = YES;
				CLANG_ANALYZER_NUMBER_OBJECT_CONVERSION = YES_AGGRESSIVE;
				CLANG_CXX_LANGUAGE_STANDARD = "gnu++17";
				CLANG_ENABLE_MODULES = YES;
				CLANG_ENABLE_OBJC_ARC = YES;
				CLANG_ENABLE_OBJC_WEAK = YES;
				CLANG_WARN_BLOCK_CAPTURE_AUTORELEASING = YES;
				CLANG_WARN_BOOL_CONVERSION = YES;
				CLANG_WARN_COMMA = YES;
				CLANG_WARN_CONSTANT_CONVERSION = YES;
				CLANG_WARN_DEPRECATED_OBJC_IMPLEMENTATIONS = YES;
				CLANG_WARN_DIRECT_OBJC_ISA_USAGE = YES_ERROR;
				CLANG_WARN_DOCUMENTATION_COMMENTS = YES;
				CLANG_WARN_EMPTY_BODY = YES;
				CLANG_WARN_ENUM_CONVERSION = YES;
				CLANG_WARN_INFINITE_RECURSION = YES;
				CLANG_WARN_INT_CONVERSION = YES;
				CLANG_WARN_NON_LITERAL_NULL_CONVERSION = YES;
				CLANG_WARN_OBJC_IMPLICIT_RETAIN_SELF = YES;
				CLANG_WARN_OBJC_LITERAL_CONVERSION = YES;
				CLANG_WARN_OBJC_ROOT_CLASS = YES_ERROR;
				CLANG_WARN_QUOTED_INCLUDE_IN_FRAMEWORK_HEADER = YES;
				CLANG_WARN_RANGE_LOOP_ANALYSIS = YES;
				CLANG_WARN_STRICT_PROTOTYPES = YES;
				CLANG_WARN_SUSPICIOUS_MOVE = YES;
				CLANG_WARN_UNGUARDED_AVAILABILITY = YES_AGGRESSIVE;
				CLANG_WARN_UNREACHABLE_CODE = YES;
				CLANG_WARN__DUPLICATE_METHOD_MATCH = YES;
				COPY_PHASE_STRIP = NO;
				DEBUG_INFORMATION_FORMAT = dwarf;
				ENABLE_STRICT_OBJC_MSGSEND = YES;
				ENABLE_TESTABILITY = YES;
				GCC_C_LANGUAGE_STANDARD = gnu11;
				GCC_DYNAMIC_NO_PIC = NO;
				GCC_NO_COMMON_BLOCKS = YES;
				GCC_OPTIMIZATION_LEVEL = 0;
				GCC_PREPROCESSOR_DEFINITIONS = (
					"DEBUG=1",
					"$(inherited)",
				);
				GCC_WARN_64_TO_32_BIT_CONVERSION = YES;
				GCC_WARN_ABOUT_RETURN_TYPE = YES_ERROR;
				GCC_WARN_UNDECLARED_SELECTOR = YES;
				GCC_WARN_UNINITIALIZED_AUTOS = YES_AGGRESSIVE;
				GCC_WARN_UNUSED_FUNCTION = YES;
				GCC_WARN_UNUSED_VARIABLE = YES;
				IPHONEOS_DEPLOYMENT_TARGET = 15.5;
				MTL_ENABLE_DEBUG_INFO = INCLUDE_SOURCE;
				MTL_FAST_MATH = YES;
				ONLY_ACTIVE_ARCH = YES;
				SDKROOT = iphoneos;
				SWIFT_ACTIVE_COMPILATION_CONDITIONS = DEBUG;
				SWIFT_OPTIMIZATION_LEVEL = "-Onone";
			};
			name = Debug;
		};
		BDB50FA42864B3F300FC0555 /* Release */ = {
			isa = XCBuildConfiguration;
			buildSettings = {
				ALWAYS_SEARCH_USER_PATHS = NO;
				CLANG_ANALYZER_NONNULL = YES;
				CLANG_ANALYZER_NUMBER_OBJECT_CONVERSION = YES_AGGRESSIVE;
				CLANG_CXX_LANGUAGE_STANDARD = "gnu++17";
				CLANG_ENABLE_MODULES = YES;
				CLANG_ENABLE_OBJC_ARC = YES;
				CLANG_ENABLE_OBJC_WEAK = YES;
				CLANG_WARN_BLOCK_CAPTURE_AUTORELEASING = YES;
				CLANG_WARN_BOOL_CONVERSION = YES;
				CLANG_WARN_COMMA = YES;
				CLANG_WARN_CONSTANT_CONVERSION = YES;
				CLANG_WARN_DEPRECATED_OBJC_IMPLEMENTATIONS = YES;
				CLANG_WARN_DIRECT_OBJC_ISA_USAGE = YES_ERROR;
				CLANG_WARN_DOCUMENTATION_COMMENTS = YES;
				CLANG_WARN_EMPTY_BODY = YES;
				CLANG_WARN_ENUM_CONVERSION = YES;
				CLANG_WARN_INFINITE_RECURSION = YES;
				CLANG_WARN_INT_CONVERSION = YES;
				CLANG_WARN_NON_LITERAL_NULL_CONVERSION = YES;
				CLANG_WARN_OBJC_IMPLICIT_RETAIN_SELF = YES;
				CLANG_WARN_OBJC_LITERAL_CONVERSION = YES;
				CLANG_WARN_OBJC_ROOT_CLASS = YES_ERROR;
				CLANG_WARN_QUOTED_INCLUDE_IN_FRAMEWORK_HEADER = YES;
				CLANG_WARN_RANGE_LOOP_ANALYSIS = YES;
				CLANG_WARN_STRICT_PROTOTYPES = YES;
				CLANG_WARN_SUSPICIOUS_MOVE = YES;
				CLANG_WARN_UNGUARDED_AVAILABILITY = YES_AGGRESSIVE;
				CLANG_WARN_UNREACHABLE_CODE = YES;
				CLANG_WARN__DUPLICATE_METHOD_MATCH = YES;
				COPY_PHASE_STRIP = NO;
				DEBUG_INFORMATION_FORMAT = "dwarf-with-dsym";
				ENABLE_NS_ASSERTIONS = NO;
				ENABLE_STRICT_OBJC_MSGSEND = YES;
				GCC_C_LANGUAGE_STANDARD = gnu11;
				GCC_NO_COMMON_BLOCKS = YES;
				GCC_WARN_64_TO_32_BIT_CONVERSION = YES;
				GCC_WARN_ABOUT_RETURN_TYPE = YES_ERROR;
				GCC_WARN_UNDECLARED_SELECTOR = YES;
				GCC_WARN_UNINITIALIZED_AUTOS = YES_AGGRESSIVE;
				GCC_WARN_UNUSED_FUNCTION = YES;
				GCC_WARN_UNUSED_VARIABLE = YES;
				IPHONEOS_DEPLOYMENT_TARGET = 15.5;
				MTL_ENABLE_DEBUG_INFO = NO;
				MTL_FAST_MATH = YES;
				SDKROOT = iphoneos;
				SWIFT_COMPILATION_MODE = wholemodule;
				SWIFT_OPTIMIZATION_LEVEL = "-O";
				VALIDATE_PRODUCT = YES;
			};
			name = Release;
		};
		BDB50FA62864B3F300FC0555 /* Debug */ = {
			isa = XCBuildConfiguration;
			buildSettings = {
				ASSETCATALOG_COMPILER_APPICON_NAME = AppIcon;
				ASSETCATALOG_COMPILER_GLOBAL_ACCENT_COLOR_NAME = AccentColor;
				CODE_SIGN_STYLE = Automatic;
				CURRENT_PROJECT_VERSION = 1;
				DEVELOPMENT_TEAM = 8LU2J28D3H;
				GENERATE_INFOPLIST_FILE = YES;
				INFOPLIST_FILE = emotionsApp/Info.plist;
				INFOPLIST_KEY_UIApplicationSupportsIndirectInputEvents = YES;
				INFOPLIST_KEY_UILaunchStoryboardName = LaunchScreen;
				INFOPLIST_KEY_UIMainStoryboardFile = Main;
				INFOPLIST_KEY_UISupportedInterfaceOrientations_iPad = "UIInterfaceOrientationPortrait UIInterfaceOrientationPortraitUpsideDown UIInterfaceOrientationLandscapeLeft UIInterfaceOrientationLandscapeRight";
				INFOPLIST_KEY_UISupportedInterfaceOrientations_iPhone = "UIInterfaceOrientationPortrait UIInterfaceOrientationLandscapeLeft UIInterfaceOrientationLandscapeRight";
				LD_RUNPATH_SEARCH_PATHS = (
					"$(inherited)",
					"@executable_path/Frameworks",
				);
				MARKETING_VERSION = 1.0;
				PRODUCT_BUNDLE_IDENTIFIER = KWK.emotionsApp;
				PRODUCT_NAME = "$(TARGET_NAME)";
				SWIFT_EMIT_LOC_STRINGS = YES;
				SWIFT_VERSION = 5.0;
				TARGETED_DEVICE_FAMILY = "1,2";
			};
			name = Debug;
		};
		BDB50FA72864B3F300FC0555 /* Release */ = {
			isa = XCBuildConfiguration;
			buildSettings = {
				ASSETCATALOG_COMPILER_APPICON_NAME = AppIcon;
				ASSETCATALOG_COMPILER_GLOBAL_ACCENT_COLOR_NAME = AccentColor;
				CODE_SIGN_STYLE = Automatic;
				CURRENT_PROJECT_VERSION = 1;
				DEVELOPMENT_TEAM = 8LU2J28D3H;
				GENERATE_INFOPLIST_FILE = YES;
				INFOPLIST_FILE = emotionsApp/Info.plist;
				INFOPLIST_KEY_UIApplicationSupportsIndirectInputEvents = YES;
				INFOPLIST_KEY_UILaunchStoryboardName = LaunchScreen;
				INFOPLIST_KEY_UIMainStoryboardFile = Main;
				INFOPLIST_KEY_UISupportedInterfaceOrientations_iPad = "UIInterfaceOrientationPortrait UIInterfaceOrientationPortraitUpsideDown UIInterfaceOrientationLandscapeLeft UIInterfaceOrientationLandscapeRight";
				INFOPLIST_KEY_UISupportedInterfaceOrientations_iPhone = "UIInterfaceOrientationPortrait UIInterfaceOrientationLandscapeLeft UIInterfaceOrientationLandscapeRight";
				LD_RUNPATH_SEARCH_PATHS = (
					"$(inherited)",
					"@executable_path/Frameworks",
				);
				MARKETING_VERSION = 1.0;
				PRODUCT_BUNDLE_IDENTIFIER = KWK.emotionsApp;
				PRODUCT_NAME = "$(TARGET_NAME)";
				SWIFT_EMIT_LOC_STRINGS = YES;
				SWIFT_VERSION = 5.0;
				TARGETED_DEVICE_FAMILY = "1,2";
			};
			name = Release;
		};
/* End XCBuildConfiguration section */

/* Begin XCConfigurationList section */
		BDB50F8C2864B3F200FC0555 /* Build configuration list for PBXProject "emotionsApp" */ = {
			isa = XCConfigurationList;
			buildConfigurations = (
				BDB50FA32864B3F300FC0555 /* Debug */,
				BDB50FA42864B3F300FC0555 /* Release */,
			);
			defaultConfigurationIsVisible = 0;
			defaultConfigurationName = Release;
		};
		BDB50FA52864B3F300FC0555 /* Build configuration list for PBXNativeTarget "emotionsApp" */ = {
			isa = XCConfigurationList;
			buildConfigurations = (
				BDB50FA62864B3F300FC0555 /* Debug */,
				BDB50FA72864B3F300FC0555 /* Release */,
			);
			defaultConfigurationIsVisible = 0;
			defaultConfigurationName = Release;
		};
/* End XCConfigurationList section */
	};
	rootObject = BDB50F892864B3F200FC0555 /* Project object */;
}
