// !$*UTF8*$!
{
	archiveVersion = 1;
	classes = {
	};
	objectVersion = 55;
	objects = {

/* Begin PBXBuildFile section */
		BD225B38286644D200DDE395 /* AppDelegate.swift in Sources */ = {isa = PBXBuildFile; fileRef = BD225B37286644D200DDE395 /* AppDelegate.swift */; };
		BD225B3A286644D200DDE395 /* SceneDelegate.swift in Sources */ = {isa = PBXBuildFile; fileRef = BD225B39286644D200DDE395 /* SceneDelegate.swift */; };
		BD225B3F286644D200DDE395 /* Main.storyboard in Resources */ = {isa = PBXBuildFile; fileRef = BD225B3D286644D200DDE395 /* Main.storyboard */; };
		BD225B42286644D200DDE395 /* TodoListProject.xcdatamodeld in Sources */ = {isa = PBXBuildFile; fileRef = BD225B40286644D200DDE395 /* TodoListProject.xcdatamodeld */; };
		BD225B44286644D400DDE395 /* Assets.xcassets in Resources */ = {isa = PBXBuildFile; fileRef = BD225B43286644D400DDE395 /* Assets.xcassets */; };
		BD225B47286644D400DDE395 /* LaunchScreen.storyboard in Resources */ = {isa = PBXBuildFile; fileRef = BD225B45286644D400DDE395 /* LaunchScreen.storyboard */; };
		BD225B4F2866475F00DDE395 /* ToDoTableViewController.swift in Sources */ = {isa = PBXBuildFile; fileRef = BD225B4E2866475F00DDE395 /* ToDoTableViewController.swift */; };
		BD225B512866485F00DDE395 /* ToDo.swift in Sources */ = {isa = PBXBuildFile; fileRef = BD225B502866485F00DDE395 /* ToDo.swift */; };
		BD225B57286A01DD00DDE395 /* AddToDoViewController.swift in Sources */ = {isa = PBXBuildFile; fileRef = BD225B56286A01DD00DDE395 /* AddToDoViewController.swift */; };
		BDDEA0C5286A47A3005A9B30 /* CompleteToDoViewController.swift in Sources */ = {isa = PBXBuildFile; fileRef = BDDEA0C4286A47A3005A9B30 /* CompleteToDoViewController.swift */; };
/* End PBXBuildFile section */

/* Begin PBXFileReference section */
		BD225B34286644D200DDE395 /* TodoListProject.app */ = {isa = PBXFileReference; explicitFileType = wrapper.application; includeInIndex = 0; path = TodoListProject.app; sourceTree = BUILT_PRODUCTS_DIR; };
		BD225B37286644D200DDE395 /* AppDelegate.swift */ = {isa = PBXFileReference; lastKnownFileType = sourcecode.swift; path = AppDelegate.swift; sourceTree = "<group>"; };
		BD225B39286644D200DDE395 /* SceneDelegate.swift */ = {isa = PBXFileReference; lastKnownFileType = sourcecode.swift; path = SceneDelegate.swift; sourceTree = "<group>"; };
		BD225B3E286644D200DDE395 /* Base */ = {isa = PBXFileReference; lastKnownFileType = file.storyboard; name = Base; path = Base.lproj/Main.storyboard; sourceTree = "<group>"; };
		BD225B41286644D200DDE395 /* TodoListProject.xcdatamodel */ = {isa = PBXFileReference; lastKnownFileType = wrapper.xcdatamodel; path = TodoListProject.xcdatamodel; sourceTree = "<group>"; };
		BD225B43286644D400DDE395 /* Assets.xcassets */ = {isa = PBXFileReference; lastKnownFileType = folder.assetcatalog; path = Assets.xcassets; sourceTree = "<group>"; };
		BD225B46286644D400DDE395 /* Base */ = {isa = PBXFileReference; lastKnownFileType = file.storyboard; name = Base; path = Base.lproj/LaunchScreen.storyboard; sourceTree = "<group>"; };
		BD225B48286644D400DDE395 /* Info.plist */ = {isa = PBXFileReference; lastKnownFileType = text.plist.xml; path = Info.plist; sourceTree = "<group>"; };
		BD225B4E2866475F00DDE395 /* ToDoTableViewController.swift */ = {isa = PBXFileReference; lastKnownFileType = sourcecode.swift; path = ToDoTableViewController.swift; sourceTree = "<group>"; };
		BD225B502866485F00DDE395 /* ToDo.swift */ = {isa = PBXFileReference; lastKnownFileType = sourcecode.swift; path = ToDo.swift; sourceTree = "<group>"; };
		BD225B56286A01DD00DDE395 /* AddToDoViewController.swift */ = {isa = PBXFileReference; lastKnownFileType = sourcecode.swift; path = AddToDoViewController.swift; sourceTree = "<group>"; };
		BDDEA0C4286A47A3005A9B30 /* CompleteToDoViewController.swift */ = {isa = PBXFileReference; lastKnownFileType = sourcecode.swift; path = CompleteToDoViewController.swift; sourceTree = "<group>"; };
/* End PBXFileReference section */

/* Begin PBXFrameworksBuildPhase section */
		BD225B31286644D200DDE395 /* Frameworks */ = {
			isa = PBXFrameworksBuildPhase;
			buildActionMask = 2147483647;
			files = (
			);
			runOnlyForDeploymentPostprocessing = 0;
		};
/* End PBXFrameworksBuildPhase section */

/* Begin PBXGroup section */
		BD225B2B286644D100DDE395 = {
			isa = PBXGroup;
			children = (
				BDDEA0C4286A47A3005A9B30 /* CompleteToDoViewController.swift */,
				BD225B56286A01DD00DDE395 /* AddToDoViewController.swift */,
				BD225B36286644D200DDE395 /* TodoListProject */,
				BD225B35286644D200DDE395 /* Products */,
			);
			sourceTree = "<group>";
		};
		BD225B35286644D200DDE395 /* Products */ = {
			isa = PBXGroup;
			children = (
				BD225B34286644D200DDE395 /* TodoListProject.app */,
			);
			name = Products;
			sourceTree = "<group>";
		};
		BD225B36286644D200DDE395 /* TodoListProject */ = {
			isa = PBXGroup;
			children = (
				BD225B37286644D200DDE395 /* AppDelegate.swift */,
				BD225B39286644D200DDE395 /* SceneDelegate.swift */,
				BD225B3D286644D200DDE395 /* Main.storyboard */,
				BD225B502866485F00DDE395 /* ToDo.swift */,
				BD225B4E2866475F00DDE395 /* ToDoTableViewController.swift */,
				BD225B43286644D400DDE395 /* Assets.xcassets */,
				BD225B45286644D400DDE395 /* LaunchScreen.storyboard */,
				BD225B48286644D400DDE395 /* Info.plist */,
				BD225B40286644D200DDE395 /* TodoListProject.xcdatamodeld */,
			);
			path = TodoListProject;
			sourceTree = "<group>";
		};
/* End PBXGroup section */

/* Begin PBXNativeTarget section */
		BD225B33286644D200DDE395 /* TodoListProject */ = {
			isa = PBXNativeTarget;
			buildConfigurationList = BD225B4B286644D400DDE395 /* Build configuration list for PBXNativeTarget "TodoListProject" */;
			buildPhases = (
				BD225B30286644D200DDE395 /* Sources */,
				BD225B31286644D200DDE395 /* Frameworks */,
				BD225B32286644D200DDE395 /* Resources */,
			);
			buildRules = (
			);
			dependencies = (
			);
			name = TodoListProject;
			productName = TodoListProject;
			productReference = BD225B34286644D200DDE395 /* TodoListProject.app */;
			productType = "com.apple.product-type.application";
		};
/* End PBXNativeTarget section */

/* Begin PBXProject section */
		BD225B2C286644D100DDE395 /* Project object */ = {
			isa = PBXProject;
			attributes = {
				BuildIndependentTargetsInParallel = 1;
				LastSwiftUpdateCheck = 1340;
				LastUpgradeCheck = 1340;
				TargetAttributes = {
					BD225B33286644D200DDE395 = {
						CreatedOnToolsVersion = 13.4.1;
					};
				};
			};
			buildConfigurationList = BD225B2F286644D100DDE395 /* Build configuration list for PBXProject "TodoListProject" */;
			compatibilityVersion = "Xcode 13.0";
			developmentRegion = en;
			hasScannedForEncodings = 0;
			knownRegions = (
				en,
				Base,
			);
			mainGroup = BD225B2B286644D100DDE395;
			productRefGroup = BD225B35286644D200DDE395 /* Products */;
			projectDirPath = "";
			projectRoot = "";
			targets = (
				BD225B33286644D200DDE395 /* TodoListProject */,
			);
		};
/* End PBXProject section */

/* Begin PBXResourcesBuildPhase section */
		BD225B32286644D200DDE395 /* Resources */ = {
			isa = PBXResourcesBuildPhase;
			buildActionMask = 2147483647;
			files = (
				BD225B47286644D400DDE395 /* LaunchScreen.storyboard in Resources */,
				BD225B44286644D400DDE395 /* Assets.xcassets in Resources */,
				BD225B3F286644D200DDE395 /* Main.storyboard in Resources */,
			);
			runOnlyForDeploymentPostprocessing = 0;
		};
/* End PBXResourcesBuildPhase section */

/* Begin PBXSourcesBuildPhase section */
		BD225B30286644D200DDE395 /* Sources */ = {
			isa = PBXSourcesBuildPhase;
			buildActionMask = 2147483647;
			files = (
				BD225B42286644D200DDE395 /* TodoListProject.xcdatamodeld in Sources */,
				BD225B512866485F00DDE395 /* ToDo.swift in Sources */,
				BD225B4F2866475F00DDE395 /* ToDoTableViewController.swift in Sources */,
				BDDEA0C5286A47A3005A9B30 /* CompleteToDoViewController.swift in Sources */,
				BD225B38286644D200DDE395 /* AppDelegate.swift in Sources */,
				BD225B57286A01DD00DDE395 /* AddToDoViewController.swift in Sources */,
				BD225B3A286644D200DDE395 /* SceneDelegate.swift in Sources */,
			);
			runOnlyForDeploymentPostprocessing = 0;
		};
/* End PBXSourcesBuildPhase section */

/* Begin PBXVariantGroup section */
		BD225B3D286644D200DDE395 /* Main.storyboard */ = {
			isa = PBXVariantGroup;
			children = (
				BD225B3E286644D200DDE395 /* Base */,
			);
			name = Main.storyboard;
			sourceTree = "<group>";
		};
		BD225B45286644D400DDE395 /* LaunchScreen.storyboard */ = {
			isa = PBXVariantGroup;
			children = (
				BD225B46286644D400DDE395 /* Base */,
			);
			name = LaunchScreen.storyboard;
			sourceTree = "<group>";
		};
/* End PBXVariantGroup section */

/* Begin XCBuildConfiguration section */
		BD225B49286644D400DDE395 /* Debug */ = {
			isa = XCBuildConfiguration;
			buildSettings = {
				ALWAYS_SEARCH_USER_PATHS = NO;
				CLANG_ANALYZER_NONNULL = YES;
				CLANG_ANALYZER_NUMBER_OBJECT_CONVERSION = YES_AGGRESSIVE;
				CLANG_CXX_LANGUAGE_STANDARD = "gnu++17";
				CLANG_ENABLE_MODULES = YES;
				CLANG_ENABLE_OBJC_ARC = YES;
				CLANG_ENABLE_OBJC_WEAK = YES;
				CLANG_WARN_BLOCK_CAPTURE_AUTORELEASING = YES;
				CLANG_WARN_BOOL_CONVERSION = YES;
				CLANG_WARN_COMMA = YES;
				CLANG_WARN_CONSTANT_CONVERSION = YES;
				CLANG_WARN_DEPRECATED_OBJC_IMPLEMENTATIONS = YES;
				CLANG_WARN_DIRECT_OBJC_ISA_USAGE = YES_ERROR;
				CLANG_WARN_DOCUMENTATION_COMMENTS = YES;
				CLANG_WARN_EMPTY_BODY = YES;
				CLANG_WARN_ENUM_CONVERSION = YES;
				CLANG_WARN_INFINITE_RECURSION = YES;
				CLANG_WARN_INT_CONVERSION = YES;
				CLANG_WARN_NON_LITERAL_NULL_CONVERSION = YES;
				CLANG_WARN_OBJC_IMPLICIT_RETAIN_SELF = YES;
				CLANG_WARN_OBJC_LITERAL_CONVERSION = YES;
				CLANG_WARN_OBJC_ROOT_CLASS = YES_ERROR;
				CLANG_WARN_QUOTED_INCLUDE_IN_FRAMEWORK_HEADER = YES;
				CLANG_WARN_RANGE_LOOP_ANALYSIS = YES;
				CLANG_WARN_STRICT_PROTOTYPES = YES;
				CLANG_WARN_SUSPICIOUS_MOVE = YES;
				CLANG_WARN_UNGUARDED_AVAILABILITY = YES_AGGRESSIVE;
				CLANG_WARN_UNREACHABLE_CODE = YES;
				CLANG_WARN__DUPLICATE_METHOD_MATCH = YES;
				COPY_PHASE_STRIP = NO;
				DEBUG_INFORMATION_FORMAT = dwarf;
				ENABLE_STRICT_OBJC_MSGSEND = YES;
				ENABLE_TESTABILITY = YES;
				GCC_C_LANGUAGE_STANDARD = gnu11;
				GCC_DYNAMIC_NO_PIC = NO;
				GCC_NO_COMMON_BLOCKS = YES;
				GCC_OPTIMIZATION_LEVEL = 0;
				GCC_PREPROCESSOR_DEFINITIONS = (
					"DEBUG=1",
					"$(inherited)",
				);
				GCC_WARN_64_TO_32_BIT_CONVERSION = YES;
				GCC_WARN_ABOUT_RETURN_TYPE = YES_ERROR;
				GCC_WARN_UNDECLARED_SELECTOR = YES;
				GCC_WARN_UNINITIALIZED_AUTOS = YES_AGGRESSIVE;
				GCC_WARN_UNUSED_FUNCTION = YES;
				GCC_WARN_UNUSED_VARIABLE = YES;
				IPHONEOS_DEPLOYMENT_TARGET = 15.5;
				MTL_ENABLE_DEBUG_INFO = INCLUDE_SOURCE;
				MTL_FAST_MATH = YES;
				ONLY_ACTIVE_ARCH = YES;
				SDKROOT = iphoneos;
				SWIFT_ACTIVE_COMPILATION_CONDITIONS = DEBUG;
				SWIFT_OPTIMIZATION_LEVEL = "-Onone";
			};
			name = Debug;
		};
		BD225B4A286644D400DDE395 /* Release */ = {
			isa = XCBuildConfiguration;
			buildSettings = {
				ALWAYS_SEARCH_USER_PATHS = NO;
				CLANG_ANALYZER_NONNULL = YES;
				CLANG_ANALYZER_NUMBER_OBJECT_CONVERSION = YES_AGGRESSIVE;
				CLANG_CXX_LANGUAGE_STANDARD = "gnu++17";
				CLANG_ENABLE_MODULES = YES;
				CLANG_ENABLE_OBJC_ARC = YES;
				CLANG_ENABLE_OBJC_WEAK = YES;
				CLANG_WARN_BLOCK_CAPTURE_AUTORELEASING = YES;
				CLANG_WARN_BOOL_CONVERSION = YES;
				CLANG_WARN_COMMA = YES;
				CLANG_WARN_CONSTANT_CONVERSION = YES;
				CLANG_WARN_DEPRECATED_OBJC_IMPLEMENTATIONS = YES;
				CLANG_WARN_DIRECT_OBJC_ISA_USAGE = YES_ERROR;
				CLANG_WARN_DOCUMENTATION_COMMENTS = YES;
				CLANG_WARN_EMPTY_BODY = YES;
				CLANG_WARN_ENUM_CONVERSION = YES;
				CLANG_WARN_INFINITE_RECURSION = YES;
				CLANG_WARN_INT_CONVERSION = YES;
				CLANG_WARN_NON_LITERAL_NULL_CONVERSION = YES;
				CLANG_WARN_OBJC_IMPLICIT_RETAIN_SELF = YES;
				CLANG_WARN_OBJC_LITERAL_CONVERSION = YES;
				CLANG_WARN_OBJC_ROOT_CLASS = YES_ERROR;
				CLANG_WARN_QUOTED_INCLUDE_IN_FRAMEWORK_HEADER = YES;
				CLANG_WARN_RANGE_LOOP_ANALYSIS = YES;
				CLANG_WARN_STRICT_PROTOTYPES = YES;
				CLANG_WARN_SUSPICIOUS_MOVE = YES;
				CLANG_WARN_UNGUARDED_AVAILABILITY = YES_AGGRESSIVE;
				CLANG_WARN_UNREACHABLE_CODE = YES;
				CLANG_WARN__DUPLICATE_METHOD_MATCH = YES;
				COPY_PHASE_STRIP = NO;
				DEBUG_INFORMATION_FORMAT = "dwarf-with-dsym";
				ENABLE_NS_ASSERTIONS = NO;
				ENABLE_STRICT_OBJC_MSGSEND = YES;
				GCC_C_LANGUAGE_STANDARD = gnu11;
				GCC_NO_COMMON_BLOCKS = YES;
				GCC_WARN_64_TO_32_BIT_CONVERSION = YES;
				GCC_WARN_ABOUT_RETURN_TYPE = YES_ERROR;
				GCC_WARN_UNDECLARED_SELECTOR = YES;
				GCC_WARN_UNINITIALIZED_AUTOS = YES_AGGRESSIVE;
				GCC_WARN_UNUSED_FUNCTION = YES;
				GCC_WARN_UNUSED_VARIABLE = YES;
				IPHONEOS_DEPLOYMENT_TARGET = 15.5;
				MTL_ENABLE_DEBUG_INFO = NO;
				MTL_FAST_MATH = YES;
				SDKROOT = iphoneos;
				SWIFT_COMPILATION_MODE = wholemodule;
				SWIFT_OPTIMIZATION_LEVEL = "-O";
				VALIDATE_PRODUCT = YES;
			};
			name = Release;
		};
		BD225B4C286644D400DDE395 /* Debug */ = {
			isa = XCBuildConfiguration;
			buildSettings = {
				ASSETCATALOG_COMPILER_APPICON_NAME = AppIcon;
				ASSETCATALOG_COMPILER_GLOBAL_ACCENT_COLOR_NAME = AccentColor;
				CODE_SIGN_STYLE = Automatic;
				CURRENT_PROJECT_VERSION = 1;
				DEVELOPMENT_TEAM = 8LU2J28D3H;
				GENERATE_INFOPLIST_FILE = YES;
				INFOPLIST_FILE = TodoListProject/Info.plist;
				INFOPLIST_KEY_UIApplicationSupportsIndirectInputEvents = YES;
				INFOPLIST_KEY_UILaunchStoryboardName = LaunchScreen;
				INFOPLIST_KEY_UIMainStoryboardFile = Main;
				INFOPLIST_KEY_UISupportedInterfaceOrientations_iPad = "UIInterfaceOrientationPortrait UIInterfaceOrientationPortraitUpsideDown UIInterfaceOrientationLandscapeLeft UIInterfaceOrientationLandscapeRight";
				INFOPLIST_KEY_UISupportedInterfaceOrientations_iPhone = "UIInterfaceOrientationPortrait UIInterfaceOrientationLandscapeLeft UIInterfaceOrientationLandscapeRight";
				LD_RUNPATH_SEARCH_PATHS = (
					"$(inherited)",
					"@executable_path/Frameworks",
				);
				MARKETING_VERSION = 1.0;
				PRODUCT_BUNDLE_IDENTIFIER = KWK.TodoListProject;
				PRODUCT_NAME = "$(TARGET_NAME)";
				SWIFT_EMIT_LOC_STRINGS = YES;
				SWIFT_VERSION = 5.0;
				TARGETED_DEVICE_FAMILY = "1,2";
			};
			name = Debug;
		};
		BD225B4D286644D400DDE395 /* Release */ = {
			isa = XCBuildConfiguration;
			buildSettings = {
				ASSETCATALOG_COMPILER_APPICON_NAME = AppIcon;
				ASSETCATALOG_COMPILER_GLOBAL_ACCENT_COLOR_NAME = AccentColor;
				CODE_SIGN_STYLE = Automatic;
				CURRENT_PROJECT_VERSION = 1;
				DEVELOPMENT_TEAM = 8LU2J28D3H;
				GENERATE_INFOPLIST_FILE = YES;
				INFOPLIST_FILE = TodoListProject/Info.plist;
				INFOPLIST_KEY_UIApplicationSupportsIndirectInputEvents = YES;
				INFOPLIST_KEY_UILaunchStoryboardName = LaunchScreen;
				INFOPLIST_KEY_UIMainStoryboardFile = Main;
				INFOPLIST_KEY_UISupportedInterfaceOrientations_iPad = "UIInterfaceOrientationPortrait UIInterfaceOrientationPortraitUpsideDown UIInterfaceOrientationLandscapeLeft UIInterfaceOrientationLandscapeRight";
				INFOPLIST_KEY_UISupportedInterfaceOrientations_iPhone = "UIInterfaceOrientationPortrait UIInterfaceOrientationLandscapeLeft UIInterfaceOrientationLandscapeRight";
				LD_RUNPATH_SEARCH_PATHS = (
					"$(inherited)",
					"@executable_path/Frameworks",
				);
				MARKETING_VERSION = 1.0;
				PRODUCT_BUNDLE_IDENTIFIER = KWK.TodoListProject;
				PRODUCT_NAME = "$(TARGET_NAME)";
				SWIFT_EMIT_LOC_STRINGS = YES;
				SWIFT_VERSION = 5.0;
				TARGETED_DEVICE_FAMILY = "1,2";
			};
			name = Release;
		};
/* End XCBuildConfiguration section */

/* Begin XCConfigurationList section */
		BD225B2F286644D100DDE395 /* Build configuration list for PBXProject "TodoListProject" */ = {
			isa = XCConfigurationList;
			buildConfigurations = (
				BD225B49286644D400DDE395 /* Debug */,
				BD225B4A286644D400DDE395 /* Release */,
			);
			defaultConfigurationIsVisible = 0;
			defaultConfigurationName = Release;
		};
		BD225B4B286644D400DDE395 /* Build configuration list for PBXNativeTarget "TodoListProject" */ = {
			isa = XCConfigurationList;
			buildConfigurations = (
				BD225B4C286644D400DDE395 /* Debug */,
				BD225B4D286644D400DDE395 /* Release */,
			);
			defaultConfigurationIsVisible = 0;
			defaultConfigurationName = Release;
		};
/* End XCConfigurationList section */

/* Begin XCVersionGroup section */
		BD225B40286644D200DDE395 /* TodoListProject.xcdatamodeld */ = {
			isa = XCVersionGroup;
			children = (
				BD225B41286644D200DDE395 /* TodoListProject.xcdatamodel */,
			);
			currentVersion = BD225B41286644D200DDE395 /* TodoListProject.xcdatamodel */;
			path = TodoListProject.xcdatamodeld;
			sourceTree = "<group>";
			versionGroupType = wrapper.xcdatamodel;
		};
/* End XCVersionGroup section */
	};
	rootObject = BD225B2C286644D100DDE395 /* Project object */;
}
